{
  "name": "roxanne",
  "version": "0.1.5",
  "lockfileVersion": 1,
  "requires": true,
  "dependencies": {
    "rxjs": {
      "version": "5.5.8",
      "resolved": "https://registry.npmjs.org/rxjs/-/rxjs-5.5.8.tgz",
      "integrity": "sha512-Bz7qou7VAIoGiglJZbzbXa4vpX5BmTTN2Dj/se6+SwADtw4SihqBIiEa7VmTXJ8pynvq0iFr5Gx9VLyye1rIxQ==",
      "dev": true,
      "requires": {
        "symbol-observable": "1.0.1"
      }
    },
    "symbol-observable": {
      "version": "1.0.1",
      "resolved": "https://registry.npmjs.org/symbol-observable/-/symbol-observable-1.0.1.tgz",
      "integrity": "sha1-g0D8RwLDEi310iKI+IKD9RPT/dQ=",
      "dev": true
    },
    "typescript": {
      "version": "2.7.1",
      "resolved": "https://registry.npmjs.org/typescript/-/typescript-2.7.1.tgz",
      "integrity": "sha512-bqB1yS6o9TNA9ZC/MJxM0FZzPnZdtHj0xWK/IZ5khzVqdpGul/R/EIiHRgFXlwTD7PSIaYVnGKq1QgMCu2mnqw==",
      "dev": true
    }
  }
}
